
Microsoft Visual Studio Solution File, Format Version 12.00
# Visual Studio Version 17
VisualStudioVersion = 17.9.34622.214
MinimumVisualStudioVersion = 10.0.40219.1
Project("{FAE04EC0-301F-11D3-BF4B-00C04F79EFBC}") = "Blueprint.Net.Server", "Blueprint.Net.Server.csproj", "{650D80E6-03AB-40D8-A1DD-C9A42DF92249}"
EndProject
Global
	GlobalSection(SolutionConfigurationPlatforms) = preSolution
		Debug|Any CPU = Debug|Any CPU
		Release|Any CPU = Release|Any CPU
	EndGlobalSection
	GlobalSection(ProjectConfigurationPlatforms) = postSolution
		{650D80E6-03AB-40D8-A1DD-C9A42DF92249}.Debug|Any CPU.ActiveCfg = Debug|Any CPU
		{650D80E6-03AB-40D8-A1DD-C9A42DF92249}.Debug|Any CPU.Build.0 = Debug|Any CPU
		{650D80E6-03AB-40D8-A1DD-C9A42DF92249}.Release|Any CPU.ActiveCfg = Release|Any CPU
		{650D80E6-03AB-40D8-A1DD-C9A42DF92249}.Release|Any CPU.Build.0 = Release|Any CPU
	EndGlobalSection
	GlobalSection(SolutionProperties) = preSolution
		HideSolutionNode = FALSE
	EndGlobalSection
	GlobalSection(ExtensibilityGlobals) = postSolution
		SolutionGuid = {6CE115DF-4AF8-4EB9-8A99-04F0BED024AC}
	EndGlobalSection
EndGlobal
